
Microsoft Visual Studio Solution File, Format Version 12.00
# Visual Studio Version 17
VisualStudioVersion = 17.11.35327.3
MinimumVisualStudioVersion = 10.0.40219.1
Project("{9A19103F-16F7-4668-BE54-9A1E7A4F7556}") = "ReviveUtils", "ReviveUtils.csproj", "{446491C2-CD2E-472C-B109-F9CFD1C6D827}"
EndProject
Global
	GlobalSection(SolutionConfigurationPlatforms) = preSolution
		Debug|Any CPU = Debug|Any CPU
		Release|Any CPU = Release|Any CPU
	EndGlobalSection
	GlobalSection(ProjectConfigurationPlatforms) = postSolution
		{446491C2-CD2E-472C-B109-F9CFD1C6D827}.Debug|Any CPU.ActiveCfg = Release|Any CPU
		{446491C2-CD2E-472C-B109-F9CFD1C6D827}.Debug|Any CPU.Build.0 = Release|Any CPU
		{446491C2-CD2E-472C-B109-F9CFD1C6D827}.Release|Any CPU.ActiveCfg = Release|Any CPU
		{446491C2-CD2E-472C-B109-F9CFD1C6D827}.Release|Any CPU.Build.0 = Release|Any CPU
	EndGlobalSection
	GlobalSection(SolutionProperties) = preSolution
		HideSolutionNode = FALSE
	EndGlobalSection
	GlobalSection(ExtensibilityGlobals) = postSolution
		SolutionGuid = {5D1B5264-2A3F-4BEB-97D1-BA4AC3C97312}
	EndGlobalSection
EndGlobal
